<Solution>
  <Folder Name="/src/">
    <Project Path="src/OAuth/OAuth.csproj" />
    <Project Path="src/OAuth.Mcp/OAuth.Mcp.csproj" />
    <Project Path="src/OAuth.Entra/OAuth.Entra.csproj" />
  </Folder>
  <Folder Name="/tests/">
    <Project Path="tests/OAuth.Tests/OAuth.Tests.csproj" />
    <Project Path="tests/OAuth.Mcp.Tests/OAuth.Mcp.Tests.csproj" />
    <Project Path="tests/OAuth.Entra.Tests/OAuth.Entra.Tests.csproj" />
  </Folder>
</Solution>
